
Microsoft Visual Studio Solution File, Format Version 12.00
# Visual Studio Version 16
VisualStudioVersion = 16.0.31729.503
MinimumVisualStudioVersion = 10.0.40219.1
Project("{FAE04EC0-301F-11D3-BF4B-00C04F79EFBC}") = "ScanService_ForKasperskyInternship", "ScanService_ForKasperskyInternship\ScanService_ForKasperskyInternship.csproj", "{797C278B-DAED-4927-855D-084330F32F1D}"
EndProject
Global
	GlobalSection(SolutionConfigurationPlatforms) = preSolution
		Debug|Any CPU = Debug|Any CPU
		Release|Any CPU = Release|Any CPU
	EndGlobalSection
	GlobalSection(ProjectConfigurationPlatforms) = postSolution
		{797C278B-DAED-4927-855D-084330F32F1D}.Debug|Any CPU.ActiveCfg = Debug|Any CPU
		{797C278B-DAED-4927-855D-084330F32F1D}.Debug|Any CPU.Build.0 = Debug|Any CPU
		{797C278B-DAED-4927-855D-084330F32F1D}.Release|Any CPU.ActiveCfg = Release|Any CPU
		{797C278B-DAED-4927-855D-084330F32F1D}.Release|Any CPU.Build.0 = Release|Any CPU
	EndGlobalSection
	GlobalSection(SolutionProperties) = preSolution
		HideSolutionNode = FALSE
	EndGlobalSection
	GlobalSection(ExtensibilityGlobals) = postSolution
		SolutionGuid = {4A5CFB00-D6CB-4499-B426-54E46113E5F1}
	EndGlobalSection
EndGlobal
